
Microsoft Visual Studio Solution File, Format Version 12.00
# Visual Studio 15
VisualStudioVersion = 15.0.28307.902
MinimumVisualStudioVersion = 10.0.40219.1
Project("{FAE04EC0-301F-11D3-BF4B-00C04F79EFBC}") = "JC.Samples.ScryptConsoleDemo", "JC.Samples.ScryptConsoleDemo\JC.Samples.ScryptConsoleDemo.csproj", "{3C29B4E3-8FA4-413D-AEE0-8D39CE903D8F}"
EndProject
Global
	GlobalSection(SolutionConfigurationPlatforms) = preSolution
		Debug|Any CPU = Debug|Any CPU
		Release|Any CPU = Release|Any CPU
	EndGlobalSection
	GlobalSection(ProjectConfigurationPlatforms) = postSolution
		{3C29B4E3-8FA4-413D-AEE0-8D39CE903D8F}.Debug|Any CPU.ActiveCfg = Debug|Any CPU
		{3C29B4E3-8FA4-413D-AEE0-8D39CE903D8F}.Debug|Any CPU.Build.0 = Debug|Any CPU
		{3C29B4E3-8FA4-413D-AEE0-8D39CE903D8F}.Release|Any CPU.ActiveCfg = Release|Any CPU
		{3C29B4E3-8FA4-413D-AEE0-8D39CE903D8F}.Release|Any CPU.Build.0 = Release|Any CPU
	EndGlobalSection
	GlobalSection(SolutionProperties) = preSolution
		HideSolutionNode = FALSE
	EndGlobalSection
	GlobalSection(ExtensibilityGlobals) = postSolution
		SolutionGuid = {F6DBD86A-71C2-40BA-A65C-F2B6F307DF43}
	EndGlobalSection
EndGlobal
